
Microsoft Visual Studio Solution File, Format Version 12.00
# Visual Studio Version 16
VisualStudioVersion = 16.0.32901.82
MinimumVisualStudioVersion = 10.0.40219.1
Project("{FAE04EC0-301F-11D3-BF4B-00C04F79EFBC}") = "WindowsFormsApp1", "WindowsFormsApp1\WindowsFormsApp1.csproj", "{5F082AAE-F877-4E2A-AA61-F436C11CE3A4}"
EndProject
Global
	GlobalSection(SolutionConfigurationPlatforms) = preSolution
		Debug|Any CPU = Debug|Any CPU
		Debug|x86 = Debug|x86
		Release|Any CPU = Release|Any CPU
		Release|x86 = Release|x86
	EndGlobalSection
	GlobalSection(ProjectConfigurationPlatforms) = postSolution
		{5F082AAE-F877-4E2A-AA61-F436C11CE3A4}.Debug|Any CPU.ActiveCfg = Debug|Any CPU
		{5F082AAE-F877-4E2A-AA61-F436C11CE3A4}.Debug|Any CPU.Build.0 = Debug|Any CPU
		{5F082AAE-F877-4E2A-AA61-F436C11CE3A4}.Debug|x86.ActiveCfg = Debug|x86
		{5F082AAE-F877-4E2A-AA61-F436C11CE3A4}.Debug|x86.Build.0 = Debug|x86
		{5F082AAE-F877-4E2A-AA61-F436C11CE3A4}.Release|Any CPU.ActiveCfg = Release|Any CPU
		{5F082AAE-F877-4E2A-AA61-F436C11CE3A4}.Release|Any CPU.Build.0 = Release|Any CPU
		{5F082AAE-F877-4E2A-AA61-F436C11CE3A4}.Release|x86.ActiveCfg = Release|x86
		{5F082AAE-F877-4E2A-AA61-F436C11CE3A4}.Release|x86.Build.0 = Release|x86
	EndGlobalSection
	GlobalSection(SolutionProperties) = preSolution
		HideSolutionNode = FALSE
	EndGlobalSection
	GlobalSection(ExtensibilityGlobals) = postSolution
		SolutionGuid = {52DEE531-E1DF-4CB4-B4A4-FB17DE54C873}
	EndGlobalSection
EndGlobal
